{
  "name": "vk_list",
  "version": "1.0.0",
  "lockfileVersion": 2,
  "requires": true,
  "packages": {
    "": {
      "name": "vk_list",
      "version": "1.0.0",
      "license": "ISC",
      "dependencies": {
        "iconv-lite": "^0.6.3",
        "node-bin-setup": "^1.0.6",
        "windows-1251": "^3.0.4"
      },
      "devDependencies": {
        "@types/node": "^17.0.8",
        "node": "^17.3.0"
      }
    },
    "node_modules/@types/node": {
      "version": "17.0.8",
      "resolved": "https://registry.npmjs.org/@types/node/-/node-17.0.8.tgz",
      "integrity": "sha512-YofkM6fGv4gDJq78g4j0mMuGMkZVxZDgtU0JRdx6FgiJDG+0fY0GKVolOV8WqVmEhLCXkQRjwDdKyPxJp/uucg==",
      "dev": true
    },
    "node_modules/iconv-lite": {
      "version": "0.6.3",
      "resolved": "https://registry.npmjs.org/iconv-lite/-/iconv-lite-0.6.3.tgz",
      "integrity": "sha512-4fCk79wshMdzMp2rH06qWrJE4iolqLhCUH+OiuIgU++RB0+94NlDL81atO7GX55uUKueo0txHNtvEyI6D7WdMw==",
      "dependencies": {
        "safer-buffer": ">= 2.1.2 < 3.0.0"
      },
      "engines": {
        "node": ">=0.10.0"
      }
    },
    "node_modules/node": {
      "version": "17.3.0",
      "resolved": "https://registry.npmjs.org/node/-/node-17.3.0.tgz",
      "integrity": "sha512-Qftg93Mt+OkF0zmCELRFtBvpC7tian7sNg+I1vE97Mn6wV5gPj+jsii0B1K3NNqYgJac8Em50QZMbU8p/M9mCQ==",
      "dev": true,
      "hasInstallScript": true,
      "dependencies": {
        "node-bin-setup": "^1.0.0"
      },
      "bin": {
        "node": "bin/node"
      },
      "engines": {
        "npm": ">=5.0.0"
      }
    },
    "node_modules/node-bin-setup": {
      "version": "1.0.6",
      "resolved": "https://registry.npmjs.org/node-bin-setup/-/node-bin-setup-1.0.6.tgz",
      "integrity": "sha512-uPIxXNis1CRbv1DwqAxkgBk5NFV3s7cMN/Gf556jSw6jBvV7ca4F9lRL/8cALcZecRibeqU+5dFYqFFmzv5a0Q=="
    },
    "node_modules/safer-buffer": {
      "version": "2.1.2",
      "resolved": "https://registry.npmjs.org/safer-buffer/-/safer-buffer-2.1.2.tgz",
      "integrity": "sha512-YZo3K82SD7Riyi0E1EQPojLz7kpepnSQI9IyPbHHg1XXXevb5dJI7tpyN2ADxGcQbHG7vcyRHk0cbwqcQriUtg=="
    },
    "node_modules/windows-1251": {
      "version": "3.0.4",
      "resolved": "https://registry.npmjs.org/windows-1251/-/windows-1251-3.0.4.tgz",
      "integrity": "sha512-H6W68MVertlR74xVuwa2pdQ1jR5qksk+oZX6QXFhL5OYj/ZZxViob8UyGLfXPwsCijuaV7NUYOYkK0oXSaWW5g=="
    }
  },
  "dependencies": {
    "@types/node": {
      "version": "17.0.8",
      "resolved": "https://registry.npmjs.org/@types/node/-/node-17.0.8.tgz",
      "integrity": "sha512-YofkM6fGv4gDJq78g4j0mMuGMkZVxZDgtU0JRdx6FgiJDG+0fY0GKVolOV8WqVmEhLCXkQRjwDdKyPxJp/uucg==",
      "dev": true
    },
    "iconv-lite": {
      "version": "0.6.3",
      "resolved": "https://registry.npmjs.org/iconv-lite/-/iconv-lite-0.6.3.tgz",
      "integrity": "sha512-4fCk79wshMdzMp2rH06qWrJE4iolqLhCUH+OiuIgU++RB0+94NlDL81atO7GX55uUKueo0txHNtvEyI6D7WdMw==",
      "requires": {
        "safer-buffer": ">= 2.1.2 < 3.0.0"
      }
    },
    "node": {
      "version": "17.3.0",
      "resolved": "https://registry.npmjs.org/node/-/node-17.3.0.tgz",
      "integrity": "sha512-Qftg93Mt+OkF0zmCELRFtBvpC7tian7sNg+I1vE97Mn6wV5gPj+jsii0B1K3NNqYgJac8Em50QZMbU8p/M9mCQ==",
      "dev": true,
      "requires": {
        "node-bin-setup": "^1.0.0"
      }
    },
    "node-bin-setup": {
      "version": "1.0.6",
      "resolved": "https://registry.npmjs.org/node-bin-setup/-/node-bin-setup-1.0.6.tgz",
      "integrity": "sha512-uPIxXNis1CRbv1DwqAxkgBk5NFV3s7cMN/Gf556jSw6jBvV7ca4F9lRL/8cALcZecRibeqU+5dFYqFFmzv5a0Q=="
    },
    "safer-buffer": {
      "version": "2.1.2",
      "resolved": "https://registry.npmjs.org/safer-buffer/-/safer-buffer-2.1.2.tgz",
      "integrity": "sha512-YZo3K82SD7Riyi0E1EQPojLz7kpepnSQI9IyPbHHg1XXXevb5dJI7tpyN2ADxGcQbHG7vcyRHk0cbwqcQriUtg=="
    },
    "windows-1251": {
      "version": "3.0.4",
      "resolved": "https://registry.npmjs.org/windows-1251/-/windows-1251-3.0.4.tgz",
      "integrity": "sha512-H6W68MVertlR74xVuwa2pdQ1jR5qksk+oZX6QXFhL5OYj/ZZxViob8UyGLfXPwsCijuaV7NUYOYkK0oXSaWW5g=="
    }
  }
}
